
Microsoft Visual Studio Solution File, Format Version 12.00
# Visual Studio 15
VisualStudioVersion = 15.0.26430.13
MinimumVisualStudioVersion = 10.0.40219.1
Project("{FAE04EC0-301F-11D3-BF4B-00C04F79EFBC}") = "RPNETForum", "RPNETForum\RPNETForum.csproj", "{BB04C616-E049-44CF-A587-D992F5D5BD7E}"
EndProject
Project("{2150E333-8FDC-42A3-9474-1A3956D46DE8}") = "CEI", "CEI", "{2ED9EC17-8ECA-4AAF-B3EF-4DE6867904CD}"
EndProject
Project("{FAE04EC0-301F-11D3-BF4B-00C04F79EFBC}") = "Classes", "Classes\Classes.csproj", "{6BDCBB69-C834-491E-BDDB-C8BA3A7D0F23}"
EndProject
Project("{FAE04EC0-301F-11D3-BF4B-00C04F79EFBC}") = "Extensions", "Extensions\Extensions.csproj", "{42259C55-08F1-407D-A250-629E363565DD}"
EndProject
Project("{FAE04EC0-301F-11D3-BF4B-00C04F79EFBC}") = "Interfaces", "Interfaces\Interfaces.csproj", "{DA87338C-AADD-44F3-A88B-557AE176A0FC}"
EndProject
Project("{2150E333-8FDC-42A3-9474-1A3956D46DE8}") = "DatabaseMethods", "DatabaseMethods", "{D475AFC0-3613-471C-A0FE-24AA6FE7576B}"
EndProject
Project("{FAE04EC0-301F-11D3-BF4B-00C04F79EFBC}") = "MySqlDatabaseMethods", "MySqlDatabaseMethods\MySqlDatabaseMethods.csproj", "{7CC49252-9BA3-42AF-937B-A61DA6C75799}"
EndProject
Project("{2150E333-8FDC-42A3-9474-1A3956D46DE8}") = "ETC", "ETC", "{2CBE99CD-C1FF-40E9-B2FF-7D7B2E6C4D71}"
EndProject
Project("{FAE04EC0-301F-11D3-BF4B-00C04F79EFBC}") = "Validation", "Validation\Validation.csproj", "{24387D51-9535-48A3-916C-661C3BACCA82}"
EndProject
Global
	GlobalSection(SolutionConfigurationPlatforms) = preSolution
		Debug|Any CPU = Debug|Any CPU
		Release|Any CPU = Release|Any CPU
	EndGlobalSection
	GlobalSection(ProjectConfigurationPlatforms) = postSolution
		{BB04C616-E049-44CF-A587-D992F5D5BD7E}.Debug|Any CPU.ActiveCfg = Debug|Any CPU
		{BB04C616-E049-44CF-A587-D992F5D5BD7E}.Debug|Any CPU.Build.0 = Debug|Any CPU
		{BB04C616-E049-44CF-A587-D992F5D5BD7E}.Release|Any CPU.ActiveCfg = Release|Any CPU
		{BB04C616-E049-44CF-A587-D992F5D5BD7E}.Release|Any CPU.Build.0 = Release|Any CPU
		{6BDCBB69-C834-491E-BDDB-C8BA3A7D0F23}.Debug|Any CPU.ActiveCfg = Debug|Any CPU
		{6BDCBB69-C834-491E-BDDB-C8BA3A7D0F23}.Debug|Any CPU.Build.0 = Debug|Any CPU
		{6BDCBB69-C834-491E-BDDB-C8BA3A7D0F23}.Release|Any CPU.ActiveCfg = Release|Any CPU
		{6BDCBB69-C834-491E-BDDB-C8BA3A7D0F23}.Release|Any CPU.Build.0 = Release|Any CPU
		{42259C55-08F1-407D-A250-629E363565DD}.Debug|Any CPU.ActiveCfg = Debug|Any CPU
		{42259C55-08F1-407D-A250-629E363565DD}.Debug|Any CPU.Build.0 = Debug|Any CPU
		{42259C55-08F1-407D-A250-629E363565DD}.Release|Any CPU.ActiveCfg = Release|Any CPU
		{42259C55-08F1-407D-A250-629E363565DD}.Release|Any CPU.Build.0 = Release|Any CPU
		{DA87338C-AADD-44F3-A88B-557AE176A0FC}.Debug|Any CPU.ActiveCfg = Debug|Any CPU
		{DA87338C-AADD-44F3-A88B-557AE176A0FC}.Debug|Any CPU.Build.0 = Debug|Any CPU
		{DA87338C-AADD-44F3-A88B-557AE176A0FC}.Release|Any CPU.ActiveCfg = Release|Any CPU
		{DA87338C-AADD-44F3-A88B-557AE176A0FC}.Release|Any CPU.Build.0 = Release|Any CPU
		{7CC49252-9BA3-42AF-937B-A61DA6C75799}.Debug|Any CPU.ActiveCfg = Debug|Any CPU
		{7CC49252-9BA3-42AF-937B-A61DA6C75799}.Debug|Any CPU.Build.0 = Debug|Any CPU
		{7CC49252-9BA3-42AF-937B-A61DA6C75799}.Release|Any CPU.ActiveCfg = Release|Any CPU
		{7CC49252-9BA3-42AF-937B-A61DA6C75799}.Release|Any CPU.Build.0 = Release|Any CPU
		{24387D51-9535-48A3-916C-661C3BACCA82}.Debug|Any CPU.ActiveCfg = Debug|Any CPU
		{24387D51-9535-48A3-916C-661C3BACCA82}.Debug|Any CPU.Build.0 = Debug|Any CPU
		{24387D51-9535-48A3-916C-661C3BACCA82}.Release|Any CPU.ActiveCfg = Release|Any CPU
		{24387D51-9535-48A3-916C-661C3BACCA82}.Release|Any CPU.Build.0 = Release|Any CPU
	EndGlobalSection
	GlobalSection(SolutionProperties) = preSolution
		HideSolutionNode = FALSE
	EndGlobalSection
	GlobalSection(NestedProjects) = preSolution
		{6BDCBB69-C834-491E-BDDB-C8BA3A7D0F23} = {2ED9EC17-8ECA-4AAF-B3EF-4DE6867904CD}
		{42259C55-08F1-407D-A250-629E363565DD} = {2ED9EC17-8ECA-4AAF-B3EF-4DE6867904CD}
		{DA87338C-AADD-44F3-A88B-557AE176A0FC} = {2ED9EC17-8ECA-4AAF-B3EF-4DE6867904CD}
		{7CC49252-9BA3-42AF-937B-A61DA6C75799} = {D475AFC0-3613-471C-A0FE-24AA6FE7576B}
		{24387D51-9535-48A3-916C-661C3BACCA82} = {2CBE99CD-C1FF-40E9-B2FF-7D7B2E6C4D71}
	EndGlobalSection
EndGlobal
